// !$*UTF8*$!
{
	archiveVersion = 1;
	classes = {
	};
	objectVersion = 55;
	objects = {

/* Begin PBXBuildFile section */
		EA545A6128402A7E00223D61 /* AppDelegate.swift in Sources */ = {isa = PBXBuildFile; fileRef = EA545A6028402A7E00223D61 /* AppDelegate.swift */; };
		EA545A6328402A7E00223D61 /* SceneDelegate.swift in Sources */ = {isa = PBXBuildFile; fileRef = EA545A6228402A7E00223D61 /* SceneDelegate.swift */; };
		EA545A6528402A7E00223D61 /* MainTabBarViewController.swift in Sources */ = {isa = PBXBuildFile; fileRef = EA545A6428402A7E00223D61 /* MainTabBarViewController.swift */; };
		EA545A6A28402A8000223D61 /* Assets.xcassets in Resources */ = {isa = PBXBuildFile; fileRef = EA545A6928402A8000223D61 /* Assets.xcassets */; };
		EA545A6D28402A8000223D61 /* LaunchScreen.storyboard in Resources */ = {isa = PBXBuildFile; fileRef = EA545A6B28402A8000223D61 /* LaunchScreen.storyboard */; };
		EA545A7628402F9200223D61 /* HomeViewController.swift in Sources */ = {isa = PBXBuildFile; fileRef = EA545A7528402F9200223D61 /* HomeViewController.swift */; };
		EA545A7828402FA600223D61 /* UpcomingViewController.swift in Sources */ = {isa = PBXBuildFile; fileRef = EA545A7728402FA600223D61 /* UpcomingViewController.swift */; };
		EA545A7A28402FAF00223D61 /* SearchViewController.swift in Sources */ = {isa = PBXBuildFile; fileRef = EA545A7928402FAF00223D61 /* SearchViewController.swift */; };
		EA545A7C28402FBB00223D61 /* DownloadsViewController.swift in Sources */ = {isa = PBXBuildFile; fileRef = EA545A7B28402FBB00223D61 /* DownloadsViewController.swift */; };
		EA545A83284036E500223D61 /* CollectionViewTableViewCell.swift in Sources */ = {isa = PBXBuildFile; fileRef = EA545A82284036E500223D61 /* CollectionViewTableViewCell.swift */; };
		EA7822BF2843A31F003629C5 /* TitleCollectionViewCell.swift in Sources */ = {isa = PBXBuildFile; fileRef = EA7822BE2843A31F003629C5 /* TitleCollectionViewCell.swift */; };
		EA7822C22843A493003629C5 /* SDWebImage in Frameworks */ = {isa = PBXBuildFile; productRef = EA7822C12843A493003629C5 /* SDWebImage */; };
		EA7822C42843A493003629C5 /* SDWebImageMapKit in Frameworks */ = {isa = PBXBuildFile; productRef = EA7822C32843A493003629C5 /* SDWebImageMapKit */; };
		EA93D16928425B6700484904 /* ApiCaller.swift in Sources */ = {isa = PBXBuildFile; fileRef = EA93D16828425B6700484904 /* ApiCaller.swift */; };
		EA93D16B2842615300484904 /* Title.swift in Sources */ = {isa = PBXBuildFile; fileRef = EA93D16A2842615300484904 /* Title.swift */; };
		EA93D16D2842757300484904 /* Extensions.swift in Sources */ = {isa = PBXBuildFile; fileRef = EA93D16C2842757300484904 /* Extensions.swift */; };
		EAD9035F284103D10003B19E /* HeroHeaderUiView.swift in Sources */ = {isa = PBXBuildFile; fileRef = EAD9035E284103D10003B19E /* HeroHeaderUiView.swift */; };
/* End PBXBuildFile section */

/* Begin PBXFileReference section */
		EA545A5D28402A7E00223D61 /* Netfilx.app */ = {isa = PBXFileReference; explicitFileType = wrapper.application; includeInIndex = 0; path = Netfilx.app; sourceTree = BUILT_PRODUCTS_DIR; };
		EA545A6028402A7E00223D61 /* AppDelegate.swift */ = {isa = PBXFileReference; lastKnownFileType = sourcecode.swift; path = AppDelegate.swift; sourceTree = "<group>"; };
		EA545A6228402A7E00223D61 /* SceneDelegate.swift */ = {isa = PBXFileReference; lastKnownFileType = sourcecode.swift; path = SceneDelegate.swift; sourceTree = "<group>"; };
		EA545A6428402A7E00223D61 /* MainTabBarViewController.swift */ = {isa = PBXFileReference; lastKnownFileType = sourcecode.swift; path = MainTabBarViewController.swift; sourceTree = "<group>"; };
		EA545A6928402A8000223D61 /* Assets.xcassets */ = {isa = PBXFileReference; lastKnownFileType = folder.assetcatalog; path = Assets.xcassets; sourceTree = "<group>"; };
		EA545A6C28402A8000223D61 /* Base */ = {isa = PBXFileReference; lastKnownFileType = file.storyboard; name = Base; path = Base.lproj/LaunchScreen.storyboard; sourceTree = "<group>"; };
		EA545A6E28402A8000223D61 /* Info.plist */ = {isa = PBXFileReference; lastKnownFileType = text.plist.xml; path = Info.plist; sourceTree = "<group>"; };
		EA545A7528402F9200223D61 /* HomeViewController.swift */ = {isa = PBXFileReference; lastKnownFileType = sourcecode.swift; path = HomeViewController.swift; sourceTree = "<group>"; };
		EA545A7728402FA600223D61 /* UpcomingViewController.swift */ = {isa = PBXFileReference; lastKnownFileType = sourcecode.swift; path = UpcomingViewController.swift; sourceTree = "<group>"; };
		EA545A7928402FAF00223D61 /* SearchViewController.swift */ = {isa = PBXFileReference; lastKnownFileType = sourcecode.swift; path = SearchViewController.swift; sourceTree = "<group>"; };
		EA545A7B28402FBB00223D61 /* DownloadsViewController.swift */ = {isa = PBXFileReference; lastKnownFileType = sourcecode.swift; path = DownloadsViewController.swift; sourceTree = "<group>"; };
		EA545A82284036E500223D61 /* CollectionViewTableViewCell.swift */ = {isa = PBXFileReference; lastKnownFileType = sourcecode.swift; path = CollectionViewTableViewCell.swift; sourceTree = "<group>"; };
		EA7822BE2843A31F003629C5 /* TitleCollectionViewCell.swift */ = {isa = PBXFileReference; lastKnownFileType = sourcecode.swift; path = TitleCollectionViewCell.swift; sourceTree = "<group>"; };
		EA93D16828425B6700484904 /* ApiCaller.swift */ = {isa = PBXFileReference; lastKnownFileType = sourcecode.swift; path = ApiCaller.swift; sourceTree = "<group>"; };
		EA93D16A2842615300484904 /* Title.swift */ = {isa = PBXFileReference; lastKnownFileType = sourcecode.swift; path = Title.swift; sourceTree = "<group>"; };
		EA93D16C2842757300484904 /* Extensions.swift */ = {isa = PBXFileReference; lastKnownFileType = sourcecode.swift; path = Extensions.swift; sourceTree = "<group>"; };
		EAD9035E284103D10003B19E /* HeroHeaderUiView.swift */ = {isa = PBXFileReference; lastKnownFileType = sourcecode.swift; path = HeroHeaderUiView.swift; sourceTree = "<group>"; };
/* End PBXFileReference section */

/* Begin PBXFrameworksBuildPhase section */
		EA545A5A28402A7E00223D61 /* Frameworks */ = {
			isa = PBXFrameworksBuildPhase;
			buildActionMask = 2147483647;
			files = (
				EA7822C42843A493003629C5 /* SDWebImageMapKit in Frameworks */,
				EA7822C22843A493003629C5 /* SDWebImage in Frameworks */,
			);
			runOnlyForDeploymentPostprocessing = 0;
		};
/* End PBXFrameworksBuildPhase section */

/* Begin PBXGroup section */
		EA545A5428402A7D00223D61 = {
			isa = PBXGroup;
			children = (
				EA545A5F28402A7E00223D61 /* Netfilx */,
				EA545A5E28402A7E00223D61 /* Products */,
			);
			sourceTree = "<group>";
		};
		EA545A5E28402A7E00223D61 /* Products */ = {
			isa = PBXGroup;
			children = (
				EA545A5D28402A7E00223D61 /* Netfilx.app */,
			);
			name = Products;
			sourceTree = "<group>";
		};
		EA545A5F28402A7E00223D61 /* Netfilx */ = {
			isa = PBXGroup;
			children = (
				EA545A812840369F00223D61 /* Managers */,
				EA545A802840369800223D61 /* Recources */,
				EA545A7D2840365300223D61 /* Models */,
				EA545A7F2840366600223D61 /* Views */,
				EA545A7E2840365900223D61 /* ViewModels */,
				EA545A7428402F6B00223D61 /* Controllers */,
				EA545A6028402A7E00223D61 /* AppDelegate.swift */,
				EA545A6228402A7E00223D61 /* SceneDelegate.swift */,
				EA545A6428402A7E00223D61 /* MainTabBarViewController.swift */,
				EA545A6928402A8000223D61 /* Assets.xcassets */,
				EA545A6B28402A8000223D61 /* LaunchScreen.storyboard */,
				EA545A6E28402A8000223D61 /* Info.plist */,
			);
			path = Netfilx;
			sourceTree = "<group>";
		};
		EA545A7428402F6B00223D61 /* Controllers */ = {
			isa = PBXGroup;
			children = (
				EA545A7528402F9200223D61 /* HomeViewController.swift */,
				EA545A7728402FA600223D61 /* UpcomingViewController.swift */,
				EA545A7928402FAF00223D61 /* SearchViewController.swift */,
				EA545A7B28402FBB00223D61 /* DownloadsViewController.swift */,
			);
			path = Controllers;
			sourceTree = "<group>";
		};
		EA545A7D2840365300223D61 /* Models */ = {
			isa = PBXGroup;
			children = (
				EA93D16A2842615300484904 /* Title.swift */,
			);
			path = Models;
			sourceTree = "<group>";
		};
		EA545A7E2840365900223D61 /* ViewModels */ = {
			isa = PBXGroup;
			children = (
			);
			path = ViewModels;
			sourceTree = "<group>";
		};
		EA545A7F2840366600223D61 /* Views */ = {
			isa = PBXGroup;
			children = (
				EA545A82284036E500223D61 /* CollectionViewTableViewCell.swift */,
				EAD9035E284103D10003B19E /* HeroHeaderUiView.swift */,
				EA7822BE2843A31F003629C5 /* TitleCollectionViewCell.swift */,
			);
			path = Views;
			sourceTree = "<group>";
		};
		EA545A802840369800223D61 /* Recources */ = {
			isa = PBXGroup;
			children = (
				EA93D16C2842757300484904 /* Extensions.swift */,
			);
			path = Recources;
			sourceTree = "<group>";
		};
		EA545A812840369F00223D61 /* Managers */ = {
			isa = PBXGroup;
			children = (
				EA93D16828425B6700484904 /* ApiCaller.swift */,
			);
			path = Managers;
			sourceTree = "<group>";
		};
/* End PBXGroup section */

/* Begin PBXNativeTarget section */
		EA545A5C28402A7E00223D61 /* Netfilx */ = {
			isa = PBXNativeTarget;
			buildConfigurationList = EA545A7128402A8000223D61 /* Build configuration list for PBXNativeTarget "Netfilx" */;
			buildPhases = (
				EA545A5928402A7E00223D61 /* Sources */,
				EA545A5A28402A7E00223D61 /* Frameworks */,
				EA545A5B28402A7E00223D61 /* Resources */,
			);
			buildRules = (
			);
			dependencies = (
			);
			name = Netfilx;
			packageProductDependencies = (
				EA7822C12843A493003629C5 /* SDWebImage */,
				EA7822C32843A493003629C5 /* SDWebImageMapKit */,
			);
			productName = Netfilx;
			productReference = EA545A5D28402A7E00223D61 /* Netfilx.app */;
			productType = "com.apple.product-type.application";
		};
/* End PBXNativeTarget section */

/* Begin PBXProject section */
		EA545A5528402A7D00223D61 /* Project object */ = {
			isa = PBXProject;
			attributes = {
				BuildIndependentTargetsInParallel = 1;
				LastSwiftUpdateCheck = 1340;
				LastUpgradeCheck = 1340;
				TargetAttributes = {
					EA545A5C28402A7E00223D61 = {
						CreatedOnToolsVersion = 13.4;
					};
				};
			};
			buildConfigurationList = EA545A5828402A7D00223D61 /* Build configuration list for PBXProject "Netfilx" */;
			compatibilityVersion = "Xcode 13.0";
			developmentRegion = en;
			hasScannedForEncodings = 0;
			knownRegions = (
				en,
				Base,
			);
			mainGroup = EA545A5428402A7D00223D61;
			packageReferences = (
				EA7822C02843A493003629C5 /* XCRemoteSwiftPackageReference "SDWebImage" */,
			);
			productRefGroup = EA545A5E28402A7E00223D61 /* Products */;
			projectDirPath = "";
			projectRoot = "";
			targets = (
				EA545A5C28402A7E00223D61 /* Netfilx */,
			);
		};
/* End PBXProject section */

/* Begin PBXResourcesBuildPhase section */
		EA545A5B28402A7E00223D61 /* Resources */ = {
			isa = PBXResourcesBuildPhase;
			buildActionMask = 2147483647;
			files = (
				EA545A6D28402A8000223D61 /* LaunchScreen.storyboard in Resources */,
				EA545A6A28402A8000223D61 /* Assets.xcassets in Resources */,
			);
			runOnlyForDeploymentPostprocessing = 0;
		};
/* End PBXResourcesBuildPhase section */

/* Begin PBXSourcesBuildPhase section */
		EA545A5928402A7E00223D61 /* Sources */ = {
			isa = PBXSourcesBuildPhase;
			buildActionMask = 2147483647;
			files = (
				EA545A7A28402FAF00223D61 /* SearchViewController.swift in Sources */,
				EA7822BF2843A31F003629C5 /* TitleCollectionViewCell.swift in Sources */,
				EA545A6528402A7E00223D61 /* MainTabBarViewController.swift in Sources */,
				EA545A83284036E500223D61 /* CollectionViewTableViewCell.swift in Sources */,
				EA545A7C28402FBB00223D61 /* DownloadsViewController.swift in Sources */,
				EA545A6128402A7E00223D61 /* AppDelegate.swift in Sources */,
				EAD9035F284103D10003B19E /* HeroHeaderUiView.swift in Sources */,
				EA545A6328402A7E00223D61 /* SceneDelegate.swift in Sources */,
				EA93D16D2842757300484904 /* Extensions.swift in Sources */,
				EA545A7828402FA600223D61 /* UpcomingViewController.swift in Sources */,
				EA545A7628402F9200223D61 /* HomeViewController.swift in Sources */,
				EA93D16B2842615300484904 /* Title.swift in Sources */,
				EA93D16928425B6700484904 /* ApiCaller.swift in Sources */,
			);
			runOnlyForDeploymentPostprocessing = 0;
		};
/* End PBXSourcesBuildPhase section */

/* Begin PBXVariantGroup section */
		EA545A6B28402A8000223D61 /* LaunchScreen.storyboard */ = {
			isa = PBXVariantGroup;
			children = (
				EA545A6C28402A8000223D61 /* Base */,
			);
			name = LaunchScreen.storyboard;
			sourceTree = "<group>";
		};
/* End PBXVariantGroup section */

/* Begin XCBuildConfiguration section */
		EA545A6F28402A8000223D61 /* Debug */ = {
			isa = XCBuildConfiguration;
			buildSettings = {
				ALWAYS_SEARCH_USER_PATHS = NO;
				CLANG_ANALYZER_NONNULL = YES;
				CLANG_ANALYZER_NUMBER_OBJECT_CONVERSION = YES_AGGRESSIVE;
				CLANG_CXX_LANGUAGE_STANDARD = "gnu++17";
				CLANG_ENABLE_MODULES = YES;
				CLANG_ENABLE_OBJC_ARC = YES;
				CLANG_ENABLE_OBJC_WEAK = YES;
				CLANG_WARN_BLOCK_CAPTURE_AUTORELEASING = YES;
				CLANG_WARN_BOOL_CONVERSION = YES;
				CLANG_WARN_COMMA = YES;
				CLANG_WARN_CONSTANT_CONVERSION = YES;
				CLANG_WARN_DEPRECATED_OBJC_IMPLEMENTATIONS = YES;
				CLANG_WARN_DIRECT_OBJC_ISA_USAGE = YES_ERROR;
				CLANG_WARN_DOCUMENTATION_COMMENTS = YES;
				CLANG_WARN_EMPTY_BODY = YES;
				CLANG_WARN_ENUM_CONVERSION = YES;
				CLANG_WARN_INFINITE_RECURSION = YES;
				CLANG_WARN_INT_CONVERSION = YES;
				CLANG_WARN_NON_LITERAL_NULL_CONVERSION = YES;
				CLANG_WARN_OBJC_IMPLICIT_RETAIN_SELF = YES;
				CLANG_WARN_OBJC_LITERAL_CONVERSION = YES;
				CLANG_WARN_OBJC_ROOT_CLASS = YES_ERROR;
				CLANG_WARN_QUOTED_INCLUDE_IN_FRAMEWORK_HEADER = YES;
				CLANG_WARN_RANGE_LOOP_ANALYSIS = YES;
				CLANG_WARN_STRICT_PROTOTYPES = YES;
				CLANG_WARN_SUSPICIOUS_MOVE = YES;
				CLANG_WARN_UNGUARDED_AVAILABILITY = YES_AGGRESSIVE;
				CLANG_WARN_UNREACHABLE_CODE = YES;
				CLANG_WARN__DUPLICATE_METHOD_MATCH = YES;
				COPY_PHASE_STRIP = NO;
				DEBUG_INFORMATION_FORMAT = dwarf;
				ENABLE_STRICT_OBJC_MSGSEND = YES;
				ENABLE_TESTABILITY = YES;
				GCC_C_LANGUAGE_STANDARD = gnu11;
				GCC_DYNAMIC_NO_PIC = NO;
				GCC_NO_COMMON_BLOCKS = YES;
				GCC_OPTIMIZATION_LEVEL = 0;
				GCC_PREPROCESSOR_DEFINITIONS = (
					"DEBUG=1",
					"$(inherited)",
				);
				GCC_WARN_64_TO_32_BIT_CONVERSION = YES;
				GCC_WARN_ABOUT_RETURN_TYPE = YES_ERROR;
				GCC_WARN_UNDECLARED_SELECTOR = YES;
				GCC_WARN_UNINITIALIZED_AUTOS = YES_AGGRESSIVE;
				GCC_WARN_UNUSED_FUNCTION = YES;
				GCC_WARN_UNUSED_VARIABLE = YES;
				IPHONEOS_DEPLOYMENT_TARGET = 15.5;
				MTL_ENABLE_DEBUG_INFO = INCLUDE_SOURCE;
				MTL_FAST_MATH = YES;
				ONLY_ACTIVE_ARCH = YES;
				SDKROOT = iphoneos;
				SWIFT_ACTIVE_COMPILATION_CONDITIONS = DEBUG;
				SWIFT_OPTIMIZATION_LEVEL = "-Onone";
			};
			name = Debug;
		};
		EA545A7028402A8000223D61 /* Release */ = {
			isa = XCBuildConfiguration;
			buildSettings = {
				ALWAYS_SEARCH_USER_PATHS = NO;
				CLANG_ANALYZER_NONNULL = YES;
				CLANG_ANALYZER_NUMBER_OBJECT_CONVERSION = YES_AGGRESSIVE;
				CLANG_CXX_LANGUAGE_STANDARD = "gnu++17";
				CLANG_ENABLE_MODULES = YES;
				CLANG_ENABLE_OBJC_ARC = YES;
				CLANG_ENABLE_OBJC_WEAK = YES;
				CLANG_WARN_BLOCK_CAPTURE_AUTORELEASING = YES;
				CLANG_WARN_BOOL_CONVERSION = YES;
				CLANG_WARN_COMMA = YES;
				CLANG_WARN_CONSTANT_CONVERSION = YES;
				CLANG_WARN_DEPRECATED_OBJC_IMPLEMENTATIONS = YES;
				CLANG_WARN_DIRECT_OBJC_ISA_USAGE = YES_ERROR;
				CLANG_WARN_DOCUMENTATION_COMMENTS = YES;
				CLANG_WARN_EMPTY_BODY = YES;
				CLANG_WARN_ENUM_CONVERSION = YES;
				CLANG_WARN_INFINITE_RECURSION = YES;
				CLANG_WARN_INT_CONVERSION = YES;
				CLANG_WARN_NON_LITERAL_NULL_CONVERSION = YES;
				CLANG_WARN_OBJC_IMPLICIT_RETAIN_SELF = YES;
				CLANG_WARN_OBJC_LITERAL_CONVERSION = YES;
				CLANG_WARN_OBJC_ROOT_CLASS = YES_ERROR;
				CLANG_WARN_QUOTED_INCLUDE_IN_FRAMEWORK_HEADER = YES;
				CLANG_WARN_RANGE_LOOP_ANALYSIS = YES;
				CLANG_WARN_STRICT_PROTOTYPES = YES;
				CLANG_WARN_SUSPICIOUS_MOVE = YES;
				CLANG_WARN_UNGUARDED_AVAILABILITY = YES_AGGRESSIVE;
				CLANG_WARN_UNREACHABLE_CODE = YES;
				CLANG_WARN__DUPLICATE_METHOD_MATCH = YES;
				COPY_PHASE_STRIP = NO;
				DEBUG_INFORMATION_FORMAT = "dwarf-with-dsym";
				ENABLE_NS_ASSERTIONS = NO;
				ENABLE_STRICT_OBJC_MSGSEND = YES;
				GCC_C_LANGUAGE_STANDARD = gnu11;
				GCC_NO_COMMON_BLOCKS = YES;
				GCC_WARN_64_TO_32_BIT_CONVERSION = YES;
				GCC_WARN_ABOUT_RETURN_TYPE = YES_ERROR;
				GCC_WARN_UNDECLARED_SELECTOR = YES;
				GCC_WARN_UNINITIALIZED_AUTOS = YES_AGGRESSIVE;
				GCC_WARN_UNUSED_FUNCTION = YES;
				GCC_WARN_UNUSED_VARIABLE = YES;
				IPHONEOS_DEPLOYMENT_TARGET = 15.5;
				MTL_ENABLE_DEBUG_INFO = NO;
				MTL_FAST_MATH = YES;
				SDKROOT = iphoneos;
				SWIFT_COMPILATION_MODE = wholemodule;
				SWIFT_OPTIMIZATION_LEVEL = "-O";
				VALIDATE_PRODUCT = YES;
			};
			name = Release;
		};
		EA545A7228402A8000223D61 /* Debug */ = {
			isa = XCBuildConfiguration;
			buildSettings = {
				ASSETCATALOG_COMPILER_APPICON_NAME = AppIcon;
				ASSETCATALOG_COMPILER_GLOBAL_ACCENT_COLOR_NAME = AccentColor;
				CODE_SIGN_STYLE = Automatic;
				CURRENT_PROJECT_VERSION = 1;
				GENERATE_INFOPLIST_FILE = YES;
				INFOPLIST_FILE = Netfilx/Info.plist;
				INFOPLIST_KEY_UIApplicationSupportsIndirectInputEvents = YES;
				INFOPLIST_KEY_UILaunchStoryboardName = LaunchScreen;
				INFOPLIST_KEY_UISupportedInterfaceOrientations_iPad = "UIInterfaceOrientationPortrait UIInterfaceOrientationPortraitUpsideDown UIInterfaceOrientationLandscapeLeft UIInterfaceOrientationLandscapeRight";
				INFOPLIST_KEY_UISupportedInterfaceOrientations_iPhone = "UIInterfaceOrientationPortrait UIInterfaceOrientationLandscapeLeft UIInterfaceOrientationLandscapeRight";
				LD_RUNPATH_SEARCH_PATHS = (
					"$(inherited)",
					"@executable_path/Frameworks",
				);
				MARKETING_VERSION = 1.0;
				PRODUCT_BUNDLE_IDENTIFIER = khaled2024.Netfilx;
				PRODUCT_NAME = "$(TARGET_NAME)";
				SWIFT_EMIT_LOC_STRINGS = YES;
				SWIFT_VERSION = 5.0;
				TARGETED_DEVICE_FAMILY = "1,2";
			};
			name = Debug;
		};
		EA545A7328402A8000223D61 /* Release */ = {
			isa = XCBuildConfiguration;
			buildSettings = {
				ASSETCATALOG_COMPILER_APPICON_NAME = AppIcon;
				ASSETCATALOG_COMPILER_GLOBAL_ACCENT_COLOR_NAME = AccentColor;
				CODE_SIGN_STYLE = Automatic;
				CURRENT_PROJECT_VERSION = 1;
				GENERATE_INFOPLIST_FILE = YES;
				INFOPLIST_FILE = Netfilx/Info.plist;
				INFOPLIST_KEY_UIApplicationSupportsIndirectInputEvents = YES;
				INFOPLIST_KEY_UILaunchStoryboardName = LaunchScreen;
				INFOPLIST_KEY_UISupportedInterfaceOrientations_iPad = "UIInterfaceOrientationPortrait UIInterfaceOrientationPortraitUpsideDown UIInterfaceOrientationLandscapeLeft UIInterfaceOrientationLandscapeRight";
				INFOPLIST_KEY_UISupportedInterfaceOrientations_iPhone = "UIInterfaceOrientationPortrait UIInterfaceOrientationLandscapeLeft UIInterfaceOrientationLandscapeRight";
				LD_RUNPATH_SEARCH_PATHS = (
					"$(inherited)",
					"@executable_path/Frameworks",
				);
				MARKETING_VERSION = 1.0;
				PRODUCT_BUNDLE_IDENTIFIER = khaled2024.Netfilx;
				PRODUCT_NAME = "$(TARGET_NAME)";
				SWIFT_EMIT_LOC_STRINGS = YES;
				SWIFT_VERSION = 5.0;
				TARGETED_DEVICE_FAMILY = "1,2";
			};
			name = Release;
		};
/* End XCBuildConfiguration section */

/* Begin XCConfigurationList section */
		EA545A5828402A7D00223D61 /* Build configuration list for PBXProject "Netfilx" */ = {
			isa = XCConfigurationList;
			buildConfigurations = (
				EA545A6F28402A8000223D61 /* Debug */,
				EA545A7028402A8000223D61 /* Release */,
			);
			defaultConfigurationIsVisible = 0;
			defaultConfigurationName = Release;
		};
		EA545A7128402A8000223D61 /* Build configuration list for PBXNativeTarget "Netfilx" */ = {
			isa = XCConfigurationList;
			buildConfigurations = (
				EA545A7228402A8000223D61 /* Debug */,
				EA545A7328402A8000223D61 /* Release */,
			);
			defaultConfigurationIsVisible = 0;
			defaultConfigurationName = Release;
		};
/* End XCConfigurationList section */

/* Begin XCRemoteSwiftPackageReference section */
		EA7822C02843A493003629C5 /* XCRemoteSwiftPackageReference "SDWebImage" */ = {
			isa = XCRemoteSwiftPackageReference;
			repositoryURL = "https://github.com/SDWebImage/SDWebImage.git";
			requirement = {
				branch = master;
				kind = branch;
			};
		};
/* End XCRemoteSwiftPackageReference section */

/* Begin XCSwiftPackageProductDependency section */
		EA7822C12843A493003629C5 /* SDWebImage */ = {
			isa = XCSwiftPackageProductDependency;
			package = EA7822C02843A493003629C5 /* XCRemoteSwiftPackageReference "SDWebImage" */;
			productName = SDWebImage;
		};
		EA7822C32843A493003629C5 /* SDWebImageMapKit */ = {
			isa = XCSwiftPackageProductDependency;
			package = EA7822C02843A493003629C5 /* XCRemoteSwiftPackageReference "SDWebImage" */;
			productName = SDWebImageMapKit;
		};
/* End XCSwiftPackageProductDependency section */
	};
	rootObject = EA545A5528402A7D00223D61 /* Project object */;
}
